// !$*UTF8*$!
{
	archiveVersion = 1;
	classes = {
	};
	objectVersion = 48;
	objects = {

/* Begin PBXBuildFile section */
		18C8B3691F4CDC9F005AE0A2 /* AppDelegate.swift in Sources */ = {isa = PBXBuildFile; fileRef = 18C8B3681F4CDC9F005AE0A2 /* AppDelegate.swift */; };
		18C8B36B1F4CDC9F005AE0A2 /* ViewController.swift in Sources */ = {isa = PBXBuildFile; fileRef = 18C8B36A1F4CDC9F005AE0A2 /* ViewController.swift */; };
		18C8B36E1F4CDC9F005AE0A2 /* Main.storyboard in Resources */ = {isa = PBXBuildFile; fileRef = 18C8B36C1F4CDC9F005AE0A2 /* Main.storyboard */; };
		18C8B3701F4CDC9F005AE0A2 /* Assets.xcassets in Resources */ = {isa = PBXBuildFile; fileRef = 18C8B36F1F4CDC9F005AE0A2 /* Assets.xcassets */; };
		18C8B3731F4CDC9F005AE0A2 /* LaunchScreen.storyboard in Resources */ = {isa = PBXBuildFile; fileRef = 18C8B3711F4CDC9F005AE0A2 /* LaunchScreen.storyboard */; };
		18C8B37D1F4CF21F005AE0A2 /* Resnet50.mlmodel in Sources */ = {isa = PBXBuildFile; fileRef = 18C8B37C1F4CF063005AE0A2 /* Resnet50.mlmodel */; };
		18C8B37F1F4E56B5005AE0A2 /* ObservationTableViewCell.swift in Sources */ = {isa = PBXBuildFile; fileRef = 18C8B37E1F4E56B5005AE0A2 /* ObservationTableViewCell.swift */; };
/* End PBXBuildFile section */

/* Begin PBXFileReference section */
		18C8B3651F4CDC9F005AE0A2 /* DetectThePic.app */ = {isa = PBXFileReference; explicitFileType = wrapper.application; includeInIndex = 0; path = DetectThePic.app; sourceTree = BUILT_PRODUCTS_DIR; };
		18C8B3681F4CDC9F005AE0A2 /* AppDelegate.swift */ = {isa = PBXFileReference; lastKnownFileType = sourcecode.swift; path = AppDelegate.swift; sourceTree = "<group>"; };
		18C8B36A1F4CDC9F005AE0A2 /* ViewController.swift */ = {isa = PBXFileReference; lastKnownFileType = sourcecode.swift; path = ViewController.swift; sourceTree = "<group>"; };
		18C8B36D1F4CDC9F005AE0A2 /* Base */ = {isa = PBXFileReference; lastKnownFileType = file.storyboard; name = Base; path = Base.lproj/Main.storyboard; sourceTree = "<group>"; };
		18C8B36F1F4CDC9F005AE0A2 /* Assets.xcassets */ = {isa = PBXFileReference; lastKnownFileType = folder.assetcatalog; path = Assets.xcassets; sourceTree = "<group>"; };
		18C8B3721F4CDC9F005AE0A2 /* Base */ = {isa = PBXFileReference; lastKnownFileType = file.storyboard; name = Base; path = Base.lproj/LaunchScreen.storyboard; sourceTree = "<group>"; };
		18C8B3741F4CDC9F005AE0A2 /* Info.plist */ = {isa = PBXFileReference; lastKnownFileType = text.plist.xml; path = Info.plist; sourceTree = "<group>"; };
		18C8B37A1F4CDCB2005AE0A2 /* README.md */ = {isa = PBXFileReference; lastKnownFileType = net.daringfireball.markdown; path = README.md; sourceTree = "<group>"; };
		18C8B37C1F4CF063005AE0A2 /* Resnet50.mlmodel */ = {isa = PBXFileReference; lastKnownFileType = file.mlmodel; path = Resnet50.mlmodel; sourceTree = "<group>"; };
		18C8B37E1F4E56B5005AE0A2 /* ObservationTableViewCell.swift */ = {isa = PBXFileReference; lastKnownFileType = sourcecode.swift; path = ObservationTableViewCell.swift; sourceTree = "<group>"; };
/* End PBXFileReference section */

/* Begin PBXFrameworksBuildPhase section */
		18C8B3621F4CDC9F005AE0A2 /* Frameworks */ = {
			isa = PBXFrameworksBuildPhase;
			buildActionMask = 2147483647;
			files = (
			);
			runOnlyForDeploymentPostprocessing = 0;
		};
/* End PBXFrameworksBuildPhase section */

/* Begin PBXGroup section */
		18C8B35C1F4CDC9F005AE0A2 = {
			isa = PBXGroup;
			children = (
				18C8B37A1F4CDCB2005AE0A2 /* README.md */,
				18C8B3671F4CDC9F005AE0A2 /* DetectThePic */,
				18C8B3661F4CDC9F005AE0A2 /* Products */,
			);
			sourceTree = "<group>";
		};
		18C8B3661F4CDC9F005AE0A2 /* Products */ = {
			isa = PBXGroup;
			children = (
				18C8B3651F4CDC9F005AE0A2 /* DetectThePic.app */,
			);
			name = Products;
			sourceTree = "<group>";
		};
		18C8B3671F4CDC9F005AE0A2 /* DetectThePic */ = {
			isa = PBXGroup;
			children = (
				18C8B3681F4CDC9F005AE0A2 /* AppDelegate.swift */,
				18C8B37C1F4CF063005AE0A2 /* Resnet50.mlmodel */,
				18C8B36A1F4CDC9F005AE0A2 /* ViewController.swift */,
				18C8B37E1F4E56B5005AE0A2 /* ObservationTableViewCell.swift */,
				18C8B36C1F4CDC9F005AE0A2 /* Main.storyboard */,
				18C8B36F1F4CDC9F005AE0A2 /* Assets.xcassets */,
				18C8B3711F4CDC9F005AE0A2 /* LaunchScreen.storyboard */,
				18C8B3741F4CDC9F005AE0A2 /* Info.plist */,
			);
			path = DetectThePic;
			sourceTree = "<group>";
		};
/* End PBXGroup section */

/* Begin PBXNativeTarget section */
		18C8B3641F4CDC9F005AE0A2 /* DetectThePic */ = {
			isa = PBXNativeTarget;
			buildConfigurationList = 18C8B3771F4CDC9F005AE0A2 /* Build configuration list for PBXNativeTarget "DetectThePic" */;
			buildPhases = (
				18C8B3611F4CDC9F005AE0A2 /* Sources */,
				18C8B3621F4CDC9F005AE0A2 /* Frameworks */,
				18C8B3631F4CDC9F005AE0A2 /* Resources */,
			);
			buildRules = (
			);
			dependencies = (
			);
			name = DetectThePic;
			productName = DetectThePic;
			productReference = 18C8B3651F4CDC9F005AE0A2 /* DetectThePic.app */;
			productType = "com.apple.product-type.application";
		};
/* End PBXNativeTarget section */

/* Begin PBXProject section */
		18C8B35D1F4CDC9F005AE0A2 /* Project object */ = {
			isa = PBXProject;
			attributes = {
				LastSwiftUpdateCheck = 0900;
				LastUpgradeCheck = 0900;
				ORGANIZATIONNAME = "Patty Harris";
				TargetAttributes = {
					18C8B3641F4CDC9F005AE0A2 = {
						CreatedOnToolsVersion = 9.0;
					};
				};
			};
			buildConfigurationList = 18C8B3601F4CDC9F005AE0A2 /* Build configuration list for PBXProject "DetectThePic" */;
			compatibilityVersion = "Xcode 8.0";
			developmentRegion = en;
			hasScannedForEncodings = 0;
			knownRegions = (
				en,
				Base,
			);
			mainGroup = 18C8B35C1F4CDC9F005AE0A2;
			productRefGroup = 18C8B3661F4CDC9F005AE0A2 /* Products */;
			projectDirPath = "";
			projectRoot = "";
			targets = (
				18C8B3641F4CDC9F005AE0A2 /* DetectThePic */,
			);
		};
/* End PBXProject section */

/* Begin PBXResourcesBuildPhase section */
		18C8B3631F4CDC9F005AE0A2 /* Resources */ = {
			isa = PBXResourcesBuildPhase;
			buildActionMask = 2147483647;
			files = (
				18C8B3731F4CDC9F005AE0A2 /* LaunchScreen.storyboard in Resources */,
				18C8B3701F4CDC9F005AE0A2 /* Assets.xcassets in Resources */,
				18C8B36E1F4CDC9F005AE0A2 /* Main.storyboard in Resources */,
			);
			runOnlyForDeploymentPostprocessing = 0;
		};
/* End PBXResourcesBuildPhase section */

/* Begin PBXSourcesBuildPhase section */
		18C8B3611F4CDC9F005AE0A2 /* Sources */ = {
			isa = PBXSourcesBuildPhase;
			buildActionMask = 2147483647;
			files = (
				18C8B37F1F4E56B5005AE0A2 /* ObservationTableViewCell.swift in Sources */,
				18C8B36B1F4CDC9F005AE0A2 /* ViewController.swift in Sources */,
				18C8B37D1F4CF21F005AE0A2 /* Resnet50.mlmodel in Sources */,
				18C8B3691F4CDC9F005AE0A2 /* AppDelegate.swift in Sources */,
			);
			runOnlyForDeploymentPostprocessing = 0;
		};
/* End PBXSourcesBuildPhase section */

/* Begin PBXVariantGroup section */
		18C8B36C1F4CDC9F005AE0A2 /* Main.storyboard */ = {
			isa = PBXVariantGroup;
			children = (
				18C8B36D1F4CDC9F005AE0A2 /* Base */,
			);
			name = Main.storyboard;
			sourceTree = "<group>";
		};
		18C8B3711F4CDC9F005AE0A2 /* LaunchScreen.storyboard */ = {
			isa = PBXVariantGroup;
			children = (
				18C8B3721F4CDC9F005AE0A2 /* Base */,
			);
			name = LaunchScreen.storyboard;
			sourceTree = "<group>";
		};
/* End PBXVariantGroup section */

/* Begin XCBuildConfiguration section */
		18C8B3751F4CDC9F005AE0A2 /* Debug */ = {
			isa = XCBuildConfiguration;
			buildSettings = {
				ALWAYS_SEARCH_USER_PATHS = NO;
				CLANG_ANALYZER_NONNULL = YES;
				CLANG_ANALYZER_NUMBER_OBJECT_CONVERSION = YES_AGGRESSIVE;
				CLANG_CXX_LANGUAGE_STANDARD = "gnu++14";
				CLANG_CXX_LIBRARY = "libc++";
				CLANG_ENABLE_MODULES = YES;
				CLANG_ENABLE_OBJC_ARC = YES;
				CLANG_WARN_BLOCK_CAPTURE_AUTORELEASING = YES;
				CLANG_WARN_BOOL_CONVERSION = YES;
				CLANG_WARN_COMMA = YES;
				CLANG_WARN_CONSTANT_CONVERSION = YES;
				CLANG_WARN_DIRECT_OBJC_ISA_USAGE = YES_ERROR;
				CLANG_WARN_DOCUMENTATION_COMMENTS = YES;
				CLANG_WARN_EMPTY_BODY = YES;
				CLANG_WARN_ENUM_CONVERSION = YES;
				CLANG_WARN_INFINITE_RECURSION = YES;
				CLANG_WARN_INT_CONVERSION = YES;
				CLANG_WARN_NON_LITERAL_NULL_CONVERSION = YES;
				CLANG_WARN_OBJC_LITERAL_CONVERSION = YES;
				CLANG_WARN_OBJC_ROOT_CLASS = YES_ERROR;
				CLANG_WARN_RANGE_LOOP_ANALYSIS = YES;
				CLANG_WARN_STRICT_PROTOTYPES = YES;
				CLANG_WARN_SUSPICIOUS_MOVE = YES;
				CLANG_WARN_UNGUARDED_AVAILABILITY = YES_AGGRESSIVE;
				CLANG_WARN_UNREACHABLE_CODE = YES;
				CLANG_WARN__DUPLICATE_METHOD_MATCH = YES;
				CODE_SIGN_IDENTITY = "iPhone Developer";
				COPY_PHASE_STRIP = NO;
				DEBUG_INFORMATION_FORMAT = dwarf;
				ENABLE_STRICT_OBJC_MSGSEND = YES;
				ENABLE_TESTABILITY = YES;
				GCC_C_LANGUAGE_STANDARD = gnu11;
				GCC_DYNAMIC_NO_PIC = NO;
				GCC_NO_COMMON_BLOCKS = YES;
				GCC_OPTIMIZATION_LEVEL = 0;
				GCC_PREPROCESSOR_DEFINITIONS = (
					"DEBUG=1",
					"$(inherited)",
				);
				GCC_WARN_64_TO_32_BIT_CONVERSION = YES;
				GCC_WARN_ABOUT_RETURN_TYPE = YES_ERROR;
				GCC_WARN_UNDECLARED_SELECTOR = YES;
				GCC_WARN_UNINITIALIZED_AUTOS = YES_AGGRESSIVE;
				GCC_WARN_UNUSED_FUNCTION = YES;
				GCC_WARN_UNUSED_VARIABLE = YES;
				IPHONEOS_DEPLOYMENT_TARGET = 11.0;
				MTL_ENABLE_DEBUG_INFO = YES;
				ONLY_ACTIVE_ARCH = YES;
				SDKROOT = iphoneos;
				SWIFT_ACTIVE_COMPILATION_CONDITIONS = DEBUG;
				SWIFT_OPTIMIZATION_LEVEL = "-Onone";
			};
			name = Debug;
		};
		18C8B3761F4CDC9F005AE0A2 /* Release */ = {
			isa = XCBuildConfiguration;
			buildSettings = {
				ALWAYS_SEARCH_USER_PATHS = NO;
				CLANG_ANALYZER_NONNULL = YES;
				CLANG_ANALYZER_NUMBER_OBJECT_CONVERSION = YES_AGGRESSIVE;
				CLANG_CXX_LANGUAGE_STANDARD = "gnu++14";
				CLANG_CXX_LIBRARY = "libc++";
				CLANG_ENABLE_MODULES = YES;
				CLANG_ENABLE_OBJC_ARC = YES;
				CLANG_WARN_BLOCK_CAPTURE_AUTORELEASING = YES;
				CLANG_WARN_BOOL_CONVERSION = YES;
				CLANG_WARN_COMMA = YES;
				CLANG_WARN_CONSTANT_CONVERSION = YES;
				CLANG_WARN_DIRECT_OBJC_ISA_USAGE = YES_ERROR;
				CLANG_WARN_DOCUMENTATION_COMMENTS = YES;
				CLANG_WARN_EMPTY_BODY = YES;
				CLANG_WARN_ENUM_CONVERSION = YES;
				CLANG_WARN_INFINITE_RECURSION = YES;
				CLANG_WARN_INT_CONVERSION = YES;
				CLANG_WARN_NON_LITERAL_NULL_CONVERSION = YES;
				CLANG_WARN_OBJC_LITERAL_CONVERSION = YES;
				CLANG_WARN_OBJC_ROOT_CLASS = YES_ERROR;
				CLANG_WARN_RANGE_LOOP_ANALYSIS = YES;
				CLANG_WARN_STRICT_PROTOTYPES = YES;
				CLANG_WARN_SUSPICIOUS_MOVE = YES;
				CLANG_WARN_UNGUARDED_AVAILABILITY = YES_AGGRESSIVE;
				CLANG_WARN_UNREACHABLE_CODE = YES;
				CLANG_WARN__DUPLICATE_METHOD_MATCH = YES;
				CODE_SIGN_IDENTITY = "iPhone Developer";
				COPY_PHASE_STRIP = NO;
				DEBUG_INFORMATION_FORMAT = "dwarf-with-dsym";
				ENABLE_NS_ASSERTIONS = NO;
				ENABLE_STRICT_OBJC_MSGSEND = YES;
				GCC_C_LANGUAGE_STANDARD = gnu11;
				GCC_NO_COMMON_BLOCKS = YES;
				GCC_WARN_64_TO_32_BIT_CONVERSION = YES;
				GCC_WARN_ABOUT_RETURN_TYPE = YES_ERROR;
				GCC_WARN_UNDECLARED_SELECTOR = YES;
				GCC_WARN_UNINITIALIZED_AUTOS = YES_AGGRESSIVE;
				GCC_WARN_UNUSED_FUNCTION = YES;
				GCC_WARN_UNUSED_VARIABLE = YES;
				IPHONEOS_DEPLOYMENT_TARGET = 11.0;
				MTL_ENABLE_DEBUG_INFO = NO;
				SDKROOT = iphoneos;
				SWIFT_OPTIMIZATION_LEVEL = "-Owholemodule";
				VALIDATE_PRODUCT = YES;
			};
			name = Release;
		};
		18C8B3781F4CDC9F005AE0A2 /* Debug */ = {
			isa = XCBuildConfiguration;
			buildSettings = {
				ASSETCATALOG_COMPILER_APPICON_NAME = AppIcon;
				DEVELOPMENT_TEAM = 99RMK563G8;
				INFOPLIST_FILE = DetectThePic/Info.plist;
				LD_RUNPATH_SEARCH_PATHS = "$(inherited) @executable_path/Frameworks";
				PRODUCT_BUNDLE_IDENTIFIER = com.pharris.DetectThePic;
				PRODUCT_NAME = "$(TARGET_NAME)";
				SWIFT_VERSION = 4.0;
				TARGETED_DEVICE_FAMILY = "1,2";
			};
			name = Debug;
		};
		18C8B3791F4CDC9F005AE0A2 /* Release */ = {
			isa = XCBuildConfiguration;
			buildSettings = {
				ASSETCATALOG_COMPILER_APPICON_NAME = AppIcon;
				DEVELOPMENT_TEAM = 99RMK563G8;
				INFOPLIST_FILE = DetectThePic/Info.plist;
				LD_RUNPATH_SEARCH_PATHS = "$(inherited) @executable_path/Frameworks";
				PRODUCT_BUNDLE_IDENTIFIER = com.pharris.DetectThePic;
				PRODUCT_NAME = "$(TARGET_NAME)";
				SWIFT_VERSION = 4.0;
				TARGETED_DEVICE_FAMILY = "1,2";
			};
			name = Release;
		};
/* End XCBuildConfiguration section */

/* Begin XCConfigurationList section */
		18C8B3601F4CDC9F005AE0A2 /* Build configuration list for PBXProject "DetectThePic" */ = {
			isa = XCConfigurationList;
			buildConfigurations = (
				18C8B3751F4CDC9F005AE0A2 /* Debug */,
				18C8B3761F4CDC9F005AE0A2 /* Release */,
			);
			defaultConfigurationIsVisible = 0;
			defaultConfigurationName = Release;
		};
		18C8B3771F4CDC9F005AE0A2 /* Build configuration list for PBXNativeTarget "DetectThePic" */ = {
			isa = XCConfigurationList;
			buildConfigurations = (
				18C8B3781F4CDC9F005AE0A2 /* Debug */,
				18C8B3791F4CDC9F005AE0A2 /* Release */,
			);
			defaultConfigurationIsVisible = 0;
			defaultConfigurationName = Release;
		};
/* End XCConfigurationList section */
	};
	rootObject = 18C8B35D1F4CDC9F005AE0A2 /* Project object */;
}
